
Microsoft Visual Studio Solution File, Format Version 12.00
# Visual Studio Version 16
VisualStudioVersion = 16.0.30523.141
MinimumVisualStudioVersion = 10.0.40219.1
Project("{FAE04EC0-301F-11D3-BF4B-00C04F79EFBC}") = "PogCode Interpreter", "PogCode Interpreter.csproj", "{CFC11047-A057-47EC-99B5-6C9159C42996}"
EndProject
Global
	GlobalSection(SolutionConfigurationPlatforms) = preSolution
		Debug|Any CPU = Debug|Any CPU
		Release|Any CPU = Release|Any CPU
	EndGlobalSection
	GlobalSection(ProjectConfigurationPlatforms) = postSolution
		{CFC11047-A057-47EC-99B5-6C9159C42996}.Debug|Any CPU.ActiveCfg = Debug|Any CPU
		{CFC11047-A057-47EC-99B5-6C9159C42996}.Debug|Any CPU.Build.0 = Debug|Any CPU
		{CFC11047-A057-47EC-99B5-6C9159C42996}.Release|Any CPU.ActiveCfg = Release|Any CPU
		{CFC11047-A057-47EC-99B5-6C9159C42996}.Release|Any CPU.Build.0 = Release|Any CPU
	EndGlobalSection
	GlobalSection(SolutionProperties) = preSolution
		HideSolutionNode = FALSE
	EndGlobalSection
	GlobalSection(ExtensibilityGlobals) = postSolution
		SolutionGuid = {9C390CBD-35E3-48EB-98FE-C08D80711D70}
	EndGlobalSection
EndGlobal
